// !$*UTF8*$!
{
	archiveVersion = 1;
	classes = {
	};
	objectVersion = 56;
	objects = {

/* Begin PBXBuildFile section */
		44A8E64F2AE943410058B765 /* DemoAppApp.swift in Sources */ = {isa = PBXBuildFile; fileRef = 44A8E64E2AE943410058B765 /* DemoAppApp.swift */; };
		44A8E6512AE943410058B765 /* ContentView.swift in Sources */ = {isa = PBXBuildFile; fileRef = 44A8E6502AE943410058B765 /* ContentView.swift */; };
		44A8E6532AE943440058B765 /* Assets.xcassets in Resources */ = {isa = PBXBuildFile; fileRef = 44A8E6522AE943440058B765 /* Assets.xcassets */; };
		44A8E6562AE943440058B765 /* Preview Assets.xcassets in Resources */ = {isa = PBXBuildFile; fileRef = 44A8E6552AE943440058B765 /* Preview Assets.xcassets */; };
		44A8E6922AE946D10058B765 /* dickens_oliver_twist_32_64kb.mp3 in Resources */ = {isa = PBXBuildFile; fileRef = 44A8E65D2AE9469C0058B765 /* dickens_oliver_twist_32_64kb.mp3 */; };
		44A8E6932AE946D10058B765 /* dickens_oliver_twist_15_64kb.mp3 in Resources */ = {isa = PBXBuildFile; fileRef = 44A8E65E2AE9469C0058B765 /* dickens_oliver_twist_15_64kb.mp3 */; };
		44A8E6942AE946D10058B765 /* dickens_oliver_twist_52_64kb.mp3 in Resources */ = {isa = PBXBuildFile; fileRef = 44A8E65F2AE9469D0058B765 /* dickens_oliver_twist_52_64kb.mp3 */; };
		44A8E6952AE946D10058B765 /* dickens_oliver_twist_04_64kb.mp3 in Resources */ = {isa = PBXBuildFile; fileRef = 44A8E6602AE9469E0058B765 /* dickens_oliver_twist_04_64kb.mp3 */; };
		44A8E6962AE946D10058B765 /* dickens_oliver_twist_26_64kb.mp3 in Resources */ = {isa = PBXBuildFile; fileRef = 44A8E6612AE9469F0058B765 /* dickens_oliver_twist_26_64kb.mp3 */; };
		44A8E6972AE946D10058B765 /* dickens_oliver_twist_35_64kb.mp3 in Resources */ = {isa = PBXBuildFile; fileRef = 44A8E6622AE9469F0058B765 /* dickens_oliver_twist_35_64kb.mp3 */; };
		44A8E6982AE946D10058B765 /* dickens_oliver_twist_12_64kb.mp3 in Resources */ = {isa = PBXBuildFile; fileRef = 44A8E6632AE946A00058B765 /* dickens_oliver_twist_12_64kb.mp3 */; };
		44A8E6992AE946D10058B765 /* dickens_oliver_twist_43_64kb.mp3 in Resources */ = {isa = PBXBuildFile; fileRef = 44A8E6642AE946A20058B765 /* dickens_oliver_twist_43_64kb.mp3 */; };
		44A8E69A2AE946D10058B765 /* dickens_oliver_twist_45_64kb.mp3 in Resources */ = {isa = PBXBuildFile; fileRef = 44A8E6652AE946A30058B765 /* dickens_oliver_twist_45_64kb.mp3 */; };
		44A8E69B2AE946D10058B765 /* dickens_oliver_twist_02_64kb.mp3 in Resources */ = {isa = PBXBuildFile; fileRef = 44A8E6662AE946A30058B765 /* dickens_oliver_twist_02_64kb.mp3 */; };
		44A8E69C2AE946D10058B765 /* dickens_oliver_twist_24_64kb.mp3 in Resources */ = {isa = PBXBuildFile; fileRef = 44A8E6672AE946A40058B765 /* dickens_oliver_twist_24_64kb.mp3 */; };
		44A8E69D2AE946D10058B765 /* dickens_oliver_twist_16_64kb.mp3 in Resources */ = {isa = PBXBuildFile; fileRef = 44A8E6682AE946A50058B765 /* dickens_oliver_twist_16_64kb.mp3 */; };
		44A8E69E2AE946D10058B765 /* dickens_oliver_twist_01_64kb.mp3 in Resources */ = {isa = PBXBuildFile; fileRef = 44A8E6692AE946A50058B765 /* dickens_oliver_twist_01_64kb.mp3 */; };
		44A8E69F2AE946D10058B765 /* dickens_oliver_twist_13_64kb.mp3 in Resources */ = {isa = PBXBuildFile; fileRef = 44A8E66A2AE946A60058B765 /* dickens_oliver_twist_13_64kb.mp3 */; };
		44A8E6A02AE946D10058B765 /* dickens_oliver_twist_46_64kb.mp3 in Resources */ = {isa = PBXBuildFile; fileRef = 44A8E66B2AE946A70058B765 /* dickens_oliver_twist_46_64kb.mp3 */; };
		44A8E6A12AE946D10058B765 /* dickens_oliver_twist_37_64kb.mp3 in Resources */ = {isa = PBXBuildFile; fileRef = 44A8E66C2AE946A90058B765 /* dickens_oliver_twist_37_64kb.mp3 */; };
		44A8E6A22AE946D10058B765 /* dickens_oliver_twist_53_64kb.mp3 in Resources */ = {isa = PBXBuildFile; fileRef = 44A8E66D2AE946A90058B765 /* dickens_oliver_twist_53_64kb.mp3 */; };
		44A8E6A32AE946D10058B765 /* dickens_oliver_twist_30_64kb.mp3 in Resources */ = {isa = PBXBuildFile; fileRef = 44A8E66E2AE946AA0058B765 /* dickens_oliver_twist_30_64kb.mp3 */; };
		44A8E6A42AE946D10058B765 /* dickens_oliver_twist_14_64kb.mp3 in Resources */ = {isa = PBXBuildFile; fileRef = 44A8E66F2AE946AC0058B765 /* dickens_oliver_twist_14_64kb.mp3 */; };
		44A8E6A52AE946D10058B765 /* dickens_oliver_twist_40_64kb.mp3 in Resources */ = {isa = PBXBuildFile; fileRef = 44A8E6702AE946AD0058B765 /* dickens_oliver_twist_40_64kb.mp3 */; };
		44A8E6A62AE946D10058B765 /* dickens_oliver_twist_36_64kb.mp3 in Resources */ = {isa = PBXBuildFile; fileRef = 44A8E6712AE946AE0058B765 /* dickens_oliver_twist_36_64kb.mp3 */; };
		44A8E6A72AE946D10058B765 /* dickens_oliver_twist_31_64kb.mp3 in Resources */ = {isa = PBXBuildFile; fileRef = 44A8E6722AE946AF0058B765 /* dickens_oliver_twist_31_64kb.mp3 */; };
		44A8E6A82AE946D10058B765 /* dickens_oliver_twist_50_64kb.mp3 in Resources */ = {isa = PBXBuildFile; fileRef = 44A8E6732AE946B10058B765 /* dickens_oliver_twist_50_64kb.mp3 */; };
		44A8E6A92AE946D10058B765 /* dickens_oliver_twist_21_64kb.mp3 in Resources */ = {isa = PBXBuildFile; fileRef = 44A8E6742AE946B10058B765 /* dickens_oliver_twist_21_64kb.mp3 */; };
		44A8E6AA2AE946D10058B765 /* dickens_oliver_twist_29_64kb.mp3 in Resources */ = {isa = PBXBuildFile; fileRef = 44A8E6752AE946B20058B765 /* dickens_oliver_twist_29_64kb.mp3 */; };
		44A8E6AB2AE946D10058B765 /* dickens_oliver_twist_38_64kb.mp3 in Resources */ = {isa = PBXBuildFile; fileRef = 44A8E6762AE946B20058B765 /* dickens_oliver_twist_38_64kb.mp3 */; };
		44A8E6AC2AE946D10058B765 /* dickens_oliver_twist_07_64kb.mp3 in Resources */ = {isa = PBXBuildFile; fileRef = 44A8E6772AE946B30058B765 /* dickens_oliver_twist_07_64kb.mp3 */; };
		44A8E6AD2AE946D10058B765 /* dickens_oliver_twist_20_64kb.mp3 in Resources */ = {isa = PBXBuildFile; fileRef = 44A8E6782AE946B40058B765 /* dickens_oliver_twist_20_64kb.mp3 */; };
		44A8E6AE2AE946D10058B765 /* dickens_oliver_twist_11_64kb.mp3 in Resources */ = {isa = PBXBuildFile; fileRef = 44A8E6792AE946B50058B765 /* dickens_oliver_twist_11_64kb.mp3 */; };
		44A8E6AF2AE946D10058B765 /* dickens_oliver_twist_05_64kb.mp3 in Resources */ = {isa = PBXBuildFile; fileRef = 44A8E67A2AE946B70058B765 /* dickens_oliver_twist_05_64kb.mp3 */; };
		44A8E6B02AE946D10058B765 /* dickens_oliver_twist_08_64kb.mp3 in Resources */ = {isa = PBXBuildFile; fileRef = 44A8E67B2AE946B70058B765 /* dickens_oliver_twist_08_64kb.mp3 */; };
		44A8E6B12AE946D10058B765 /* dickens_oliver_twist_25_64kb.mp3 in Resources */ = {isa = PBXBuildFile; fileRef = 44A8E67C2AE946B80058B765 /* dickens_oliver_twist_25_64kb.mp3 */; };
		44A8E6B22AE946D10058B765 /* dickens_oliver_twist_19_64kb.mp3 in Resources */ = {isa = PBXBuildFile; fileRef = 44A8E67D2AE946B90058B765 /* dickens_oliver_twist_19_64kb.mp3 */; };
		44A8E6B32AE946D10058B765 /* dickens_oliver_twist_48_64kb.mp3 in Resources */ = {isa = PBXBuildFile; fileRef = 44A8E67E2AE946BA0058B765 /* dickens_oliver_twist_48_64kb.mp3 */; };
		44A8E6B42AE946D10058B765 /* dickens_oliver_twist_51_64kb.mp3 in Resources */ = {isa = PBXBuildFile; fileRef = 44A8E67F2AE946BB0058B765 /* dickens_oliver_twist_51_64kb.mp3 */; };
		44A8E6B52AE946D10058B765 /* dickens_oliver_twist_06_64kb.mp3 in Resources */ = {isa = PBXBuildFile; fileRef = 44A8E6802AE946BD0058B765 /* dickens_oliver_twist_06_64kb.mp3 */; };
		44A8E6B62AE946D10058B765 /* dickens_oliver_twist_23_64kb.mp3 in Resources */ = {isa = PBXBuildFile; fileRef = 44A8E6812AE946BD0058B765 /* dickens_oliver_twist_23_64kb.mp3 */; };
		44A8E6B72AE946D10058B765 /* dickens_oliver_twist_49_64kb.mp3 in Resources */ = {isa = PBXBuildFile; fileRef = 44A8E6822AE946BF0058B765 /* dickens_oliver_twist_49_64kb.mp3 */; };
		44A8E6B82AE946D10058B765 /* dickens_oliver_twist_44_64kb.mp3 in Resources */ = {isa = PBXBuildFile; fileRef = 44A8E6832AE946C00058B765 /* dickens_oliver_twist_44_64kb.mp3 */; };
		44A8E6B92AE946D10058B765 /* dickens_oliver_twist_41_64kb.mp3 in Resources */ = {isa = PBXBuildFile; fileRef = 44A8E6842AE946C10058B765 /* dickens_oliver_twist_41_64kb.mp3 */; };
		44A8E6BA2AE946D10058B765 /* dickens_oliver_twist_22_64kb.mp3 in Resources */ = {isa = PBXBuildFile; fileRef = 44A8E6852AE946C20058B765 /* dickens_oliver_twist_22_64kb.mp3 */; };
		44A8E6BB2AE946D10058B765 /* dickens_oliver_twist_34_64kb.mp3 in Resources */ = {isa = PBXBuildFile; fileRef = 44A8E6862AE946C30058B765 /* dickens_oliver_twist_34_64kb.mp3 */; };
		44A8E6BC2AE946D10058B765 /* dickens_oliver_twist_47_64kb.mp3 in Resources */ = {isa = PBXBuildFile; fileRef = 44A8E6872AE946C40058B765 /* dickens_oliver_twist_47_64kb.mp3 */; };
		44A8E6BD2AE946D10058B765 /* dickens_oliver_twist_17_64kb.mp3 in Resources */ = {isa = PBXBuildFile; fileRef = 44A8E6882AE946C60058B765 /* dickens_oliver_twist_17_64kb.mp3 */; };
		44A8E6BE2AE946D10058B765 /* dickens_oliver_twist_42_64kb.mp3 in Resources */ = {isa = PBXBuildFile; fileRef = 44A8E6892AE946C70058B765 /* dickens_oliver_twist_42_64kb.mp3 */; };
		44A8E6BF2AE946D10058B765 /* dickens_oliver_twist_18_64kb.mp3 in Resources */ = {isa = PBXBuildFile; fileRef = 44A8E68A2AE946C80058B765 /* dickens_oliver_twist_18_64kb.mp3 */; };
		44A8E6C02AE946D10058B765 /* dickens_oliver_twist_10_64kb.mp3 in Resources */ = {isa = PBXBuildFile; fileRef = 44A8E68B2AE946C90058B765 /* dickens_oliver_twist_10_64kb.mp3 */; };
		44A8E6C12AE946D10058B765 /* dickens_oliver_twist_27_64kb.mp3 in Resources */ = {isa = PBXBuildFile; fileRef = 44A8E68C2AE946CA0058B765 /* dickens_oliver_twist_27_64kb.mp3 */; };
		44A8E6C22AE946D10058B765 /* dickens_oliver_twist_03_64kb.mp3 in Resources */ = {isa = PBXBuildFile; fileRef = 44A8E68D2AE946CB0058B765 /* dickens_oliver_twist_03_64kb.mp3 */; };
		44A8E6C32AE946D10058B765 /* dickens_oliver_twist_39_64kb.mp3 in Resources */ = {isa = PBXBuildFile; fileRef = 44A8E68E2AE946CD0058B765 /* dickens_oliver_twist_39_64kb.mp3 */; };
		44A8E6C42AE946D10058B765 /* dickens_oliver_twist_28_64kb.mp3 in Resources */ = {isa = PBXBuildFile; fileRef = 44A8E68F2AE946CE0058B765 /* dickens_oliver_twist_28_64kb.mp3 */; };
		44A8E6C52AE946D10058B765 /* dickens_oliver_twist_33_64kb.mp3 in Resources */ = {isa = PBXBuildFile; fileRef = 44A8E6902AE946D00058B765 /* dickens_oliver_twist_33_64kb.mp3 */; };
		44A8E6C62AE946D10058B765 /* dickens_oliver_twist_09_64kb.mp3 in Resources */ = {isa = PBXBuildFile; fileRef = 44A8E6912AE946D10058B765 /* dickens_oliver_twist_09_64kb.mp3 */; };
		44A8E6C82AE995910058B765 /* ModeView.swift in Sources */ = {isa = PBXBuildFile; fileRef = 44A8E6C72AE995910058B765 /* ModeView.swift */; };
/* End PBXBuildFile section */

/* Begin PBXFileReference section */
		44A8E64B2AE943410058B765 /* DemoApp.app */ = {isa = PBXFileReference; explicitFileType = wrapper.application; includeInIndex = 0; path = DemoApp.app; sourceTree = BUILT_PRODUCTS_DIR; };
		44A8E64E2AE943410058B765 /* DemoAppApp.swift */ = {isa = PBXFileReference; lastKnownFileType = sourcecode.swift; path = DemoAppApp.swift; sourceTree = "<group>"; };
		44A8E6502AE943410058B765 /* ContentView.swift */ = {isa = PBXFileReference; lastKnownFileType = sourcecode.swift; path = ContentView.swift; sourceTree = "<group>"; };
		44A8E6522AE943440058B765 /* Assets.xcassets */ = {isa = PBXFileReference; lastKnownFileType = folder.assetcatalog; path = Assets.xcassets; sourceTree = "<group>"; };
		44A8E6552AE943440058B765 /* Preview Assets.xcassets */ = {isa = PBXFileReference; lastKnownFileType = folder.assetcatalog; path = "Preview Assets.xcassets"; sourceTree = "<group>"; };
		44A8E65D2AE9469C0058B765 /* dickens_oliver_twist_32_64kb.mp3 */ = {isa = PBXFileReference; lastKnownFileType = audio.mp3; path = dickens_oliver_twist_32_64kb.mp3; sourceTree = "<group>"; };
		44A8E65E2AE9469C0058B765 /* dickens_oliver_twist_15_64kb.mp3 */ = {isa = PBXFileReference; lastKnownFileType = audio.mp3; path = dickens_oliver_twist_15_64kb.mp3; sourceTree = "<group>"; };
		44A8E65F2AE9469D0058B765 /* dickens_oliver_twist_52_64kb.mp3 */ = {isa = PBXFileReference; lastKnownFileType = audio.mp3; path = dickens_oliver_twist_52_64kb.mp3; sourceTree = "<group>"; };
		44A8E6602AE9469E0058B765 /* dickens_oliver_twist_04_64kb.mp3 */ = {isa = PBXFileReference; lastKnownFileType = audio.mp3; path = dickens_oliver_twist_04_64kb.mp3; sourceTree = "<group>"; };
		44A8E6612AE9469F0058B765 /* dickens_oliver_twist_26_64kb.mp3 */ = {isa = PBXFileReference; lastKnownFileType = audio.mp3; path = dickens_oliver_twist_26_64kb.mp3; sourceTree = "<group>"; };
		44A8E6622AE9469F0058B765 /* dickens_oliver_twist_35_64kb.mp3 */ = {isa = PBXFileReference; lastKnownFileType = audio.mp3; path = dickens_oliver_twist_35_64kb.mp3; sourceTree = "<group>"; };
		44A8E6632AE946A00058B765 /* dickens_oliver_twist_12_64kb.mp3 */ = {isa = PBXFileReference; lastKnownFileType = audio.mp3; path = dickens_oliver_twist_12_64kb.mp3; sourceTree = "<group>"; };
		44A8E6642AE946A20058B765 /* dickens_oliver_twist_43_64kb.mp3 */ = {isa = PBXFileReference; lastKnownFileType = audio.mp3; path = dickens_oliver_twist_43_64kb.mp3; sourceTree = "<group>"; };
		44A8E6652AE946A30058B765 /* dickens_oliver_twist_45_64kb.mp3 */ = {isa = PBXFileReference; lastKnownFileType = audio.mp3; path = dickens_oliver_twist_45_64kb.mp3; sourceTree = "<group>"; };
		44A8E6662AE946A30058B765 /* dickens_oliver_twist_02_64kb.mp3 */ = {isa = PBXFileReference; lastKnownFileType = audio.mp3; path = dickens_oliver_twist_02_64kb.mp3; sourceTree = "<group>"; };
		44A8E6672AE946A40058B765 /* dickens_oliver_twist_24_64kb.mp3 */ = {isa = PBXFileReference; lastKnownFileType = audio.mp3; path = dickens_oliver_twist_24_64kb.mp3; sourceTree = "<group>"; };
		44A8E6682AE946A50058B765 /* dickens_oliver_twist_16_64kb.mp3 */ = {isa = PBXFileReference; lastKnownFileType = audio.mp3; path = dickens_oliver_twist_16_64kb.mp3; sourceTree = "<group>"; };
		44A8E6692AE946A50058B765 /* dickens_oliver_twist_01_64kb.mp3 */ = {isa = PBXFileReference; lastKnownFileType = audio.mp3; path = dickens_oliver_twist_01_64kb.mp3; sourceTree = "<group>"; };
		44A8E66A2AE946A60058B765 /* dickens_oliver_twist_13_64kb.mp3 */ = {isa = PBXFileReference; lastKnownFileType = audio.mp3; path = dickens_oliver_twist_13_64kb.mp3; sourceTree = "<group>"; };
		44A8E66B2AE946A70058B765 /* dickens_oliver_twist_46_64kb.mp3 */ = {isa = PBXFileReference; lastKnownFileType = audio.mp3; path = dickens_oliver_twist_46_64kb.mp3; sourceTree = "<group>"; };
		44A8E66C2AE946A90058B765 /* dickens_oliver_twist_37_64kb.mp3 */ = {isa = PBXFileReference; lastKnownFileType = audio.mp3; path = dickens_oliver_twist_37_64kb.mp3; sourceTree = "<group>"; };
		44A8E66D2AE946A90058B765 /* dickens_oliver_twist_53_64kb.mp3 */ = {isa = PBXFileReference; lastKnownFileType = audio.mp3; path = dickens_oliver_twist_53_64kb.mp3; sourceTree = "<group>"; };
		44A8E66E2AE946AA0058B765 /* dickens_oliver_twist_30_64kb.mp3 */ = {isa = PBXFileReference; lastKnownFileType = audio.mp3; path = dickens_oliver_twist_30_64kb.mp3; sourceTree = "<group>"; };
		44A8E66F2AE946AC0058B765 /* dickens_oliver_twist_14_64kb.mp3 */ = {isa = PBXFileReference; lastKnownFileType = audio.mp3; path = dickens_oliver_twist_14_64kb.mp3; sourceTree = "<group>"; };
		44A8E6702AE946AD0058B765 /* dickens_oliver_twist_40_64kb.mp3 */ = {isa = PBXFileReference; lastKnownFileType = audio.mp3; path = dickens_oliver_twist_40_64kb.mp3; sourceTree = "<group>"; };
		44A8E6712AE946AE0058B765 /* dickens_oliver_twist_36_64kb.mp3 */ = {isa = PBXFileReference; lastKnownFileType = audio.mp3; path = dickens_oliver_twist_36_64kb.mp3; sourceTree = "<group>"; };
		44A8E6722AE946AF0058B765 /* dickens_oliver_twist_31_64kb.mp3 */ = {isa = PBXFileReference; lastKnownFileType = audio.mp3; path = dickens_oliver_twist_31_64kb.mp3; sourceTree = "<group>"; };
		44A8E6732AE946B10058B765 /* dickens_oliver_twist_50_64kb.mp3 */ = {isa = PBXFileReference; lastKnownFileType = audio.mp3; path = dickens_oliver_twist_50_64kb.mp3; sourceTree = "<group>"; };
		44A8E6742AE946B10058B765 /* dickens_oliver_twist_21_64kb.mp3 */ = {isa = PBXFileReference; lastKnownFileType = audio.mp3; path = dickens_oliver_twist_21_64kb.mp3; sourceTree = "<group>"; };
		44A8E6752AE946B20058B765 /* dickens_oliver_twist_29_64kb.mp3 */ = {isa = PBXFileReference; lastKnownFileType = audio.mp3; path = dickens_oliver_twist_29_64kb.mp3; sourceTree = "<group>"; };
		44A8E6762AE946B20058B765 /* dickens_oliver_twist_38_64kb.mp3 */ = {isa = PBXFileReference; lastKnownFileType = audio.mp3; path = dickens_oliver_twist_38_64kb.mp3; sourceTree = "<group>"; };
		44A8E6772AE946B30058B765 /* dickens_oliver_twist_07_64kb.mp3 */ = {isa = PBXFileReference; lastKnownFileType = audio.mp3; path = dickens_oliver_twist_07_64kb.mp3; sourceTree = "<group>"; };
		44A8E6782AE946B40058B765 /* dickens_oliver_twist_20_64kb.mp3 */ = {isa = PBXFileReference; lastKnownFileType = audio.mp3; path = dickens_oliver_twist_20_64kb.mp3; sourceTree = "<group>"; };
		44A8E6792AE946B50058B765 /* dickens_oliver_twist_11_64kb.mp3 */ = {isa = PBXFileReference; lastKnownFileType = audio.mp3; path = dickens_oliver_twist_11_64kb.mp3; sourceTree = "<group>"; };
		44A8E67A2AE946B70058B765 /* dickens_oliver_twist_05_64kb.mp3 */ = {isa = PBXFileReference; lastKnownFileType = audio.mp3; path = dickens_oliver_twist_05_64kb.mp3; sourceTree = "<group>"; };
		44A8E67B2AE946B70058B765 /* dickens_oliver_twist_08_64kb.mp3 */ = {isa = PBXFileReference; lastKnownFileType = audio.mp3; path = dickens_oliver_twist_08_64kb.mp3; sourceTree = "<group>"; };
		44A8E67C2AE946B80058B765 /* dickens_oliver_twist_25_64kb.mp3 */ = {isa = PBXFileReference; lastKnownFileType = audio.mp3; path = dickens_oliver_twist_25_64kb.mp3; sourceTree = "<group>"; };
		44A8E67D2AE946B90058B765 /* dickens_oliver_twist_19_64kb.mp3 */ = {isa = PBXFileReference; lastKnownFileType = audio.mp3; path = dickens_oliver_twist_19_64kb.mp3; sourceTree = "<group>"; };
		44A8E67E2AE946BA0058B765 /* dickens_oliver_twist_48_64kb.mp3 */ = {isa = PBXFileReference; lastKnownFileType = audio.mp3; path = dickens_oliver_twist_48_64kb.mp3; sourceTree = "<group>"; };
		44A8E67F2AE946BB0058B765 /* dickens_oliver_twist_51_64kb.mp3 */ = {isa = PBXFileReference; lastKnownFileType = audio.mp3; path = dickens_oliver_twist_51_64kb.mp3; sourceTree = "<group>"; };
		44A8E6802AE946BD0058B765 /* dickens_oliver_twist_06_64kb.mp3 */ = {isa = PBXFileReference; lastKnownFileType = audio.mp3; path = dickens_oliver_twist_06_64kb.mp3; sourceTree = "<group>"; };
		44A8E6812AE946BD0058B765 /* dickens_oliver_twist_23_64kb.mp3 */ = {isa = PBXFileReference; lastKnownFileType = audio.mp3; path = dickens_oliver_twist_23_64kb.mp3; sourceTree = "<group>"; };
		44A8E6822AE946BF0058B765 /* dickens_oliver_twist_49_64kb.mp3 */ = {isa = PBXFileReference; lastKnownFileType = audio.mp3; path = dickens_oliver_twist_49_64kb.mp3; sourceTree = "<group>"; };
		44A8E6832AE946C00058B765 /* dickens_oliver_twist_44_64kb.mp3 */ = {isa = PBXFileReference; lastKnownFileType = audio.mp3; path = dickens_oliver_twist_44_64kb.mp3; sourceTree = "<group>"; };
		44A8E6842AE946C10058B765 /* dickens_oliver_twist_41_64kb.mp3 */ = {isa = PBXFileReference; lastKnownFileType = audio.mp3; path = dickens_oliver_twist_41_64kb.mp3; sourceTree = "<group>"; };
		44A8E6852AE946C20058B765 /* dickens_oliver_twist_22_64kb.mp3 */ = {isa = PBXFileReference; lastKnownFileType = audio.mp3; path = dickens_oliver_twist_22_64kb.mp3; sourceTree = "<group>"; };
		44A8E6862AE946C30058B765 /* dickens_oliver_twist_34_64kb.mp3 */ = {isa = PBXFileReference; lastKnownFileType = audio.mp3; path = dickens_oliver_twist_34_64kb.mp3; sourceTree = "<group>"; };
		44A8E6872AE946C40058B765 /* dickens_oliver_twist_47_64kb.mp3 */ = {isa = PBXFileReference; lastKnownFileType = audio.mp3; path = dickens_oliver_twist_47_64kb.mp3; sourceTree = "<group>"; };
		44A8E6882AE946C60058B765 /* dickens_oliver_twist_17_64kb.mp3 */ = {isa = PBXFileReference; lastKnownFileType = audio.mp3; path = dickens_oliver_twist_17_64kb.mp3; sourceTree = "<group>"; };
		44A8E6892AE946C70058B765 /* dickens_oliver_twist_42_64kb.mp3 */ = {isa = PBXFileReference; lastKnownFileType = audio.mp3; path = dickens_oliver_twist_42_64kb.mp3; sourceTree = "<group>"; };
		44A8E68A2AE946C80058B765 /* dickens_oliver_twist_18_64kb.mp3 */ = {isa = PBXFileReference; lastKnownFileType = audio.mp3; path = dickens_oliver_twist_18_64kb.mp3; sourceTree = "<group>"; };
		44A8E68B2AE946C90058B765 /* dickens_oliver_twist_10_64kb.mp3 */ = {isa = PBXFileReference; lastKnownFileType = audio.mp3; path = dickens_oliver_twist_10_64kb.mp3; sourceTree = "<group>"; };
		44A8E68C2AE946CA0058B765 /* dickens_oliver_twist_27_64kb.mp3 */ = {isa = PBXFileReference; lastKnownFileType = audio.mp3; path = dickens_oliver_twist_27_64kb.mp3; sourceTree = "<group>"; };
		44A8E68D2AE946CB0058B765 /* dickens_oliver_twist_03_64kb.mp3 */ = {isa = PBXFileReference; lastKnownFileType = audio.mp3; path = dickens_oliver_twist_03_64kb.mp3; sourceTree = "<group>"; };
		44A8E68E2AE946CD0058B765 /* dickens_oliver_twist_39_64kb.mp3 */ = {isa = PBXFileReference; lastKnownFileType = audio.mp3; path = dickens_oliver_twist_39_64kb.mp3; sourceTree = "<group>"; };
		44A8E68F2AE946CE0058B765 /* dickens_oliver_twist_28_64kb.mp3 */ = {isa = PBXFileReference; lastKnownFileType = audio.mp3; path = dickens_oliver_twist_28_64kb.mp3; sourceTree = "<group>"; };
		44A8E6902AE946D00058B765 /* dickens_oliver_twist_33_64kb.mp3 */ = {isa = PBXFileReference; lastKnownFileType = audio.mp3; path = dickens_oliver_twist_33_64kb.mp3; sourceTree = "<group>"; };
		44A8E6912AE946D10058B765 /* dickens_oliver_twist_09_64kb.mp3 */ = {isa = PBXFileReference; lastKnownFileType = audio.mp3; path = dickens_oliver_twist_09_64kb.mp3; sourceTree = "<group>"; };
		44A8E6C72AE995910058B765 /* ModeView.swift */ = {isa = PBXFileReference; lastKnownFileType = sourcecode.swift; path = ModeView.swift; sourceTree = "<group>"; };
/* End PBXFileReference section */

/* Begin PBXFrameworksBuildPhase section */
		44A8E6482AE943410058B765 /* Frameworks */ = {
			isa = PBXFrameworksBuildPhase;
			buildActionMask = 2147483647;
			files = (
			);
			runOnlyForDeploymentPostprocessing = 0;
		};
/* End PBXFrameworksBuildPhase section */

/* Begin PBXGroup section */
		44A8E6422AE943410058B765 = {
			isa = PBXGroup;
			children = (
				44A8E64D2AE943410058B765 /* DemoApp */,
				44A8E64C2AE943410058B765 /* Products */,
			);
			sourceTree = "<group>";
		};
		44A8E64C2AE943410058B765 /* Products */ = {
			isa = PBXGroup;
			children = (
				44A8E64B2AE943410058B765 /* DemoApp.app */,
			);
			name = Products;
			sourceTree = "<group>";
		};
		44A8E64D2AE943410058B765 /* DemoApp */ = {
			isa = PBXGroup;
			children = (
				44A8E65C2AE946610058B765 /* Data */,
				44A8E64E2AE943410058B765 /* DemoAppApp.swift */,
				44A8E6502AE943410058B765 /* ContentView.swift */,
				44A8E6522AE943440058B765 /* Assets.xcassets */,
				44A8E6542AE943440058B765 /* Preview Content */,
				44A8E6C72AE995910058B765 /* ModeView.swift */,
			);
			path = DemoApp;
			sourceTree = "<group>";
		};
		44A8E6542AE943440058B765 /* Preview Content */ = {
			isa = PBXGroup;
			children = (
				44A8E6552AE943440058B765 /* Preview Assets.xcassets */,
			);
			path = "Preview Content";
			sourceTree = "<group>";
		};
		44A8E65C2AE946610058B765 /* Data */ = {
			isa = PBXGroup;
			children = (
				44A8E6692AE946A50058B765 /* dickens_oliver_twist_01_64kb.mp3 */,
				44A8E6662AE946A30058B765 /* dickens_oliver_twist_02_64kb.mp3 */,
				44A8E68D2AE946CB0058B765 /* dickens_oliver_twist_03_64kb.mp3 */,
				44A8E6602AE9469E0058B765 /* dickens_oliver_twist_04_64kb.mp3 */,
				44A8E67A2AE946B70058B765 /* dickens_oliver_twist_05_64kb.mp3 */,
				44A8E6802AE946BD0058B765 /* dickens_oliver_twist_06_64kb.mp3 */,
				44A8E6772AE946B30058B765 /* dickens_oliver_twist_07_64kb.mp3 */,
				44A8E67B2AE946B70058B765 /* dickens_oliver_twist_08_64kb.mp3 */,
				44A8E6912AE946D10058B765 /* dickens_oliver_twist_09_64kb.mp3 */,
				44A8E68B2AE946C90058B765 /* dickens_oliver_twist_10_64kb.mp3 */,
				44A8E6792AE946B50058B765 /* dickens_oliver_twist_11_64kb.mp3 */,
				44A8E6632AE946A00058B765 /* dickens_oliver_twist_12_64kb.mp3 */,
				44A8E66A2AE946A60058B765 /* dickens_oliver_twist_13_64kb.mp3 */,
				44A8E66F2AE946AC0058B765 /* dickens_oliver_twist_14_64kb.mp3 */,
				44A8E65E2AE9469C0058B765 /* dickens_oliver_twist_15_64kb.mp3 */,
				44A8E6682AE946A50058B765 /* dickens_oliver_twist_16_64kb.mp3 */,
				44A8E6882AE946C60058B765 /* dickens_oliver_twist_17_64kb.mp3 */,
				44A8E68A2AE946C80058B765 /* dickens_oliver_twist_18_64kb.mp3 */,
				44A8E67D2AE946B90058B765 /* dickens_oliver_twist_19_64kb.mp3 */,
				44A8E6782AE946B40058B765 /* dickens_oliver_twist_20_64kb.mp3 */,
				44A8E6742AE946B10058B765 /* dickens_oliver_twist_21_64kb.mp3 */,
				44A8E6852AE946C20058B765 /* dickens_oliver_twist_22_64kb.mp3 */,
				44A8E6812AE946BD0058B765 /* dickens_oliver_twist_23_64kb.mp3 */,
				44A8E6672AE946A40058B765 /* dickens_oliver_twist_24_64kb.mp3 */,
				44A8E67C2AE946B80058B765 /* dickens_oliver_twist_25_64kb.mp3 */,
				44A8E6612AE9469F0058B765 /* dickens_oliver_twist_26_64kb.mp3 */,
				44A8E68C2AE946CA0058B765 /* dickens_oliver_twist_27_64kb.mp3 */,
				44A8E68F2AE946CE0058B765 /* dickens_oliver_twist_28_64kb.mp3 */,
				44A8E6752AE946B20058B765 /* dickens_oliver_twist_29_64kb.mp3 */,
				44A8E66E2AE946AA0058B765 /* dickens_oliver_twist_30_64kb.mp3 */,
				44A8E6722AE946AF0058B765 /* dickens_oliver_twist_31_64kb.mp3 */,
				44A8E65D2AE9469C0058B765 /* dickens_oliver_twist_32_64kb.mp3 */,
				44A8E6902AE946D00058B765 /* dickens_oliver_twist_33_64kb.mp3 */,
				44A8E6862AE946C30058B765 /* dickens_oliver_twist_34_64kb.mp3 */,
				44A8E6622AE9469F0058B765 /* dickens_oliver_twist_35_64kb.mp3 */,
				44A8E6712AE946AE0058B765 /* dickens_oliver_twist_36_64kb.mp3 */,
				44A8E66C2AE946A90058B765 /* dickens_oliver_twist_37_64kb.mp3 */,
				44A8E6762AE946B20058B765 /* dickens_oliver_twist_38_64kb.mp3 */,
				44A8E68E2AE946CD0058B765 /* dickens_oliver_twist_39_64kb.mp3 */,
				44A8E6702AE946AD0058B765 /* dickens_oliver_twist_40_64kb.mp3 */,
				44A8E6842AE946C10058B765 /* dickens_oliver_twist_41_64kb.mp3 */,
				44A8E6892AE946C70058B765 /* dickens_oliver_twist_42_64kb.mp3 */,
				44A8E6642AE946A20058B765 /* dickens_oliver_twist_43_64kb.mp3 */,
				44A8E6832AE946C00058B765 /* dickens_oliver_twist_44_64kb.mp3 */,
				44A8E6652AE946A30058B765 /* dickens_oliver_twist_45_64kb.mp3 */,
				44A8E66B2AE946A70058B765 /* dickens_oliver_twist_46_64kb.mp3 */,
				44A8E6872AE946C40058B765 /* dickens_oliver_twist_47_64kb.mp3 */,
				44A8E67E2AE946BA0058B765 /* dickens_oliver_twist_48_64kb.mp3 */,
				44A8E6822AE946BF0058B765 /* dickens_oliver_twist_49_64kb.mp3 */,
				44A8E6732AE946B10058B765 /* dickens_oliver_twist_50_64kb.mp3 */,
				44A8E67F2AE946BB0058B765 /* dickens_oliver_twist_51_64kb.mp3 */,
				44A8E65F2AE9469D0058B765 /* dickens_oliver_twist_52_64kb.mp3 */,
				44A8E66D2AE946A90058B765 /* dickens_oliver_twist_53_64kb.mp3 */,
			);
			path = Data;
			sourceTree = "<group>";
		};
/* End PBXGroup section */

/* Begin PBXNativeTarget section */
		44A8E64A2AE943410058B765 /* DemoApp */ = {
			isa = PBXNativeTarget;
			buildConfigurationList = 44A8E6592AE943440058B765 /* Build configuration list for PBXNativeTarget "DemoApp" */;
			buildPhases = (
				44A8E6472AE943410058B765 /* Sources */,
				44A8E6482AE943410058B765 /* Frameworks */,
				44A8E6492AE943410058B765 /* Resources */,
			);
			buildRules = (
			);
			dependencies = (
			);
			name = DemoApp;
			productName = DemoApp;
			productReference = 44A8E64B2AE943410058B765 /* DemoApp.app */;
			productType = "com.apple.product-type.application";
		};
/* End PBXNativeTarget section */

/* Begin PBXProject section */
		44A8E6432AE943410058B765 /* Project object */ = {
			isa = PBXProject;
			attributes = {
				BuildIndependentTargetsInParallel = 1;
				LastSwiftUpdateCheck = 1500;
				LastUpgradeCheck = 1500;
				TargetAttributes = {
					44A8E64A2AE943410058B765 = {
						CreatedOnToolsVersion = 15.0;
					};
				};
			};
			buildConfigurationList = 44A8E6462AE943410058B765 /* Build configuration list for PBXProject "DemoApp" */;
			compatibilityVersion = "Xcode 14.0";
			developmentRegion = en;
			hasScannedForEncodings = 0;
			knownRegions = (
				en,
				Base,
			);
			mainGroup = 44A8E6422AE943410058B765;
			productRefGroup = 44A8E64C2AE943410058B765 /* Products */;
			projectDirPath = "";
			projectRoot = "";
			targets = (
				44A8E64A2AE943410058B765 /* DemoApp */,
			);
		};
/* End PBXProject section */

/* Begin PBXResourcesBuildPhase section */
		44A8E6492AE943410058B765 /* Resources */ = {
			isa = PBXResourcesBuildPhase;
			buildActionMask = 2147483647;
			files = (
				44A8E69D2AE946D10058B765 /* dickens_oliver_twist_16_64kb.mp3 in Resources */,
				44A8E6B02AE946D10058B765 /* dickens_oliver_twist_08_64kb.mp3 in Resources */,
				44A8E6C52AE946D10058B765 /* dickens_oliver_twist_33_64kb.mp3 in Resources */,
				44A8E6AC2AE946D10058B765 /* dickens_oliver_twist_07_64kb.mp3 in Resources */,
				44A8E6932AE946D10058B765 /* dickens_oliver_twist_15_64kb.mp3 in Resources */,
				44A8E6B42AE946D10058B765 /* dickens_oliver_twist_51_64kb.mp3 in Resources */,
				44A8E6BC2AE946D10058B765 /* dickens_oliver_twist_47_64kb.mp3 in Resources */,
				44A8E6A62AE946D10058B765 /* dickens_oliver_twist_36_64kb.mp3 in Resources */,
				44A8E6A12AE946D10058B765 /* dickens_oliver_twist_37_64kb.mp3 in Resources */,
				44A8E6B12AE946D10058B765 /* dickens_oliver_twist_25_64kb.mp3 in Resources */,
				44A8E6BA2AE946D10058B765 /* dickens_oliver_twist_22_64kb.mp3 in Resources */,
				44A8E69E2AE946D10058B765 /* dickens_oliver_twist_01_64kb.mp3 in Resources */,
				44A8E6B22AE946D10058B765 /* dickens_oliver_twist_19_64kb.mp3 in Resources */,
				44A8E6AF2AE946D10058B765 /* dickens_oliver_twist_05_64kb.mp3 in Resources */,
				44A8E6A22AE946D10058B765 /* dickens_oliver_twist_53_64kb.mp3 in Resources */,
				44A8E6C02AE946D10058B765 /* dickens_oliver_twist_10_64kb.mp3 in Resources */,
				44A8E6B82AE946D10058B765 /* dickens_oliver_twist_44_64kb.mp3 in Resources */,
				44A8E6C12AE946D10058B765 /* dickens_oliver_twist_27_64kb.mp3 in Resources */,
				44A8E6A92AE946D10058B765 /* dickens_oliver_twist_21_64kb.mp3 in Resources */,
				44A8E6A02AE946D10058B765 /* dickens_oliver_twist_46_64kb.mp3 in Resources */,
				44A8E6922AE946D10058B765 /* dickens_oliver_twist_32_64kb.mp3 in Resources */,
				44A8E69F2AE946D10058B765 /* dickens_oliver_twist_13_64kb.mp3 in Resources */,
				44A8E6562AE943440058B765 /* Preview Assets.xcassets in Resources */,
				44A8E6962AE946D10058B765 /* dickens_oliver_twist_26_64kb.mp3 in Resources */,
				44A8E69B2AE946D10058B765 /* dickens_oliver_twist_02_64kb.mp3 in Resources */,
				44A8E6A72AE946D10058B765 /* dickens_oliver_twist_31_64kb.mp3 in Resources */,
				44A8E6B52AE946D10058B765 /* dickens_oliver_twist_06_64kb.mp3 in Resources */,
				44A8E6AB2AE946D10058B765 /* dickens_oliver_twist_38_64kb.mp3 in Resources */,
				44A8E6972AE946D10058B765 /* dickens_oliver_twist_35_64kb.mp3 in Resources */,
				44A8E6B92AE946D10058B765 /* dickens_oliver_twist_41_64kb.mp3 in Resources */,
				44A8E6BE2AE946D10058B765 /* dickens_oliver_twist_42_64kb.mp3 in Resources */,
				44A8E6C62AE946D10058B765 /* dickens_oliver_twist_09_64kb.mp3 in Resources */,
				44A8E6BB2AE946D10058B765 /* dickens_oliver_twist_34_64kb.mp3 in Resources */,
				44A8E6A82AE946D10058B765 /* dickens_oliver_twist_50_64kb.mp3 in Resources */,
				44A8E69A2AE946D10058B765 /* dickens_oliver_twist_45_64kb.mp3 in Resources */,
				44A8E6982AE946D10058B765 /* dickens_oliver_twist_12_64kb.mp3 in Resources */,
				44A8E6A32AE946D10058B765 /* dickens_oliver_twist_30_64kb.mp3 in Resources */,
				44A8E6AA2AE946D10058B765 /* dickens_oliver_twist_29_64kb.mp3 in Resources */,
				44A8E6C32AE946D10058B765 /* dickens_oliver_twist_39_64kb.mp3 in Resources */,
				44A8E69C2AE946D10058B765 /* dickens_oliver_twist_24_64kb.mp3 in Resources */,
				44A8E6B62AE946D10058B765 /* dickens_oliver_twist_23_64kb.mp3 in Resources */,
				44A8E6B72AE946D10058B765 /* dickens_oliver_twist_49_64kb.mp3 in Resources */,
				44A8E6992AE946D10058B765 /* dickens_oliver_twist_43_64kb.mp3 in Resources */,
				44A8E6942AE946D10058B765 /* dickens_oliver_twist_52_64kb.mp3 in Resources */,
				44A8E6AE2AE946D10058B765 /* dickens_oliver_twist_11_64kb.mp3 in Resources */,
				44A8E6952AE946D10058B765 /* dickens_oliver_twist_04_64kb.mp3 in Resources */,
				44A8E6C22AE946D10058B765 /* dickens_oliver_twist_03_64kb.mp3 in Resources */,
				44A8E6AD2AE946D10058B765 /* dickens_oliver_twist_20_64kb.mp3 in Resources */,
				44A8E6B32AE946D10058B765 /* dickens_oliver_twist_48_64kb.mp3 in Resources */,
				44A8E6BD2AE946D10058B765 /* dickens_oliver_twist_17_64kb.mp3 in Resources */,
				44A8E6532AE943440058B765 /* Assets.xcassets in Resources */,
				44A8E6A52AE946D10058B765 /* dickens_oliver_twist_40_64kb.mp3 in Resources */,
				44A8E6BF2AE946D10058B765 /* dickens_oliver_twist_18_64kb.mp3 in Resources */,
				44A8E6C42AE946D10058B765 /* dickens_oliver_twist_28_64kb.mp3 in Resources */,
				44A8E6A42AE946D10058B765 /* dickens_oliver_twist_14_64kb.mp3 in Resources */,
			);
			runOnlyForDeploymentPostprocessing = 0;
		};
/* End PBXResourcesBuildPhase section */

/* Begin PBXSourcesBuildPhase section */
		44A8E6472AE943410058B765 /* Sources */ = {
			isa = PBXSourcesBuildPhase;
			buildActionMask = 2147483647;
			files = (
				44A8E6512AE943410058B765 /* ContentView.swift in Sources */,
				44A8E64F2AE943410058B765 /* DemoAppApp.swift in Sources */,
				44A8E6C82AE995910058B765 /* ModeView.swift in Sources */,
			);
			runOnlyForDeploymentPostprocessing = 0;
		};
/* End PBXSourcesBuildPhase section */

/* Begin XCBuildConfiguration section */
		44A8E6572AE943440058B765 /* Debug */ = {
			isa = XCBuildConfiguration;
			buildSettings = {
				ALWAYS_SEARCH_USER_PATHS = NO;
				ASSETCATALOG_COMPILER_GENERATE_SWIFT_ASSET_SYMBOL_EXTENSIONS = YES;
				CLANG_ANALYZER_NONNULL = YES;
				CLANG_ANALYZER_NUMBER_OBJECT_CONVERSION = YES_AGGRESSIVE;
				CLANG_CXX_LANGUAGE_STANDARD = "gnu++20";
				CLANG_ENABLE_MODULES = YES;
				CLANG_ENABLE_OBJC_ARC = YES;
				CLANG_ENABLE_OBJC_WEAK = YES;
				CLANG_WARN_BLOCK_CAPTURE_AUTORELEASING = YES;
				CLANG_WARN_BOOL_CONVERSION = YES;
				CLANG_WARN_COMMA = YES;
				CLANG_WARN_CONSTANT_CONVERSION = YES;
				CLANG_WARN_DEPRECATED_OBJC_IMPLEMENTATIONS = YES;
				CLANG_WARN_DIRECT_OBJC_ISA_USAGE = YES_ERROR;
				CLANG_WARN_DOCUMENTATION_COMMENTS = YES;
				CLANG_WARN_EMPTY_BODY = YES;
				CLANG_WARN_ENUM_CONVERSION = YES;
				CLANG_WARN_INFINITE_RECURSION = YES;
				CLANG_WARN_INT_CONVERSION = YES;
				CLANG_WARN_NON_LITERAL_NULL_CONVERSION = YES;
				CLANG_WARN_OBJC_IMPLICIT_RETAIN_SELF = YES;
				CLANG_WARN_OBJC_LITERAL_CONVERSION = YES;
				CLANG_WARN_OBJC_ROOT_CLASS = YES_ERROR;
				CLANG_WARN_QUOTED_INCLUDE_IN_FRAMEWORK_HEADER = YES;
				CLANG_WARN_RANGE_LOOP_ANALYSIS = YES;
				CLANG_WARN_STRICT_PROTOTYPES = YES;
				CLANG_WARN_SUSPICIOUS_MOVE = YES;
				CLANG_WARN_UNGUARDED_AVAILABILITY = YES_AGGRESSIVE;
				CLANG_WARN_UNREACHABLE_CODE = YES;
				CLANG_WARN__DUPLICATE_METHOD_MATCH = YES;
				COPY_PHASE_STRIP = NO;
				DEBUG_INFORMATION_FORMAT = dwarf;
				ENABLE_STRICT_OBJC_MSGSEND = YES;
				ENABLE_TESTABILITY = YES;
				ENABLE_USER_SCRIPT_SANDBOXING = YES;
				GCC_C_LANGUAGE_STANDARD = gnu17;
				GCC_DYNAMIC_NO_PIC = NO;
				GCC_NO_COMMON_BLOCKS = YES;
				GCC_OPTIMIZATION_LEVEL = 0;
				GCC_PREPROCESSOR_DEFINITIONS = (
					"DEBUG=1",
					"$(inherited)",
				);
				GCC_WARN_64_TO_32_BIT_CONVERSION = YES;
				GCC_WARN_ABOUT_RETURN_TYPE = YES_ERROR;
				GCC_WARN_UNDECLARED_SELECTOR = YES;
				GCC_WARN_UNINITIALIZED_AUTOS = YES_AGGRESSIVE;
				GCC_WARN_UNUSED_FUNCTION = YES;
				GCC_WARN_UNUSED_VARIABLE = YES;
				IPHONEOS_DEPLOYMENT_TARGET = 17.0;
				LOCALIZATION_PREFERS_STRING_CATALOGS = YES;
				MTL_ENABLE_DEBUG_INFO = INCLUDE_SOURCE;
				MTL_FAST_MATH = YES;
				ONLY_ACTIVE_ARCH = YES;
				SDKROOT = iphoneos;
				SWIFT_ACTIVE_COMPILATION_CONDITIONS = "DEBUG $(inherited)";
				SWIFT_OPTIMIZATION_LEVEL = "-Onone";
			};
			name = Debug;
		};
		44A8E6582AE943440058B765 /* Release */ = {
			isa = XCBuildConfiguration;
			buildSettings = {
				ALWAYS_SEARCH_USER_PATHS = NO;
				ASSETCATALOG_COMPILER_GENERATE_SWIFT_ASSET_SYMBOL_EXTENSIONS = YES;
				CLANG_ANALYZER_NONNULL = YES;
				CLANG_ANALYZER_NUMBER_OBJECT_CONVERSION = YES_AGGRESSIVE;
				CLANG_CXX_LANGUAGE_STANDARD = "gnu++20";
				CLANG_ENABLE_MODULES = YES;
				CLANG_ENABLE_OBJC_ARC = YES;
				CLANG_ENABLE_OBJC_WEAK = YES;
				CLANG_WARN_BLOCK_CAPTURE_AUTORELEASING = YES;
				CLANG_WARN_BOOL_CONVERSION = YES;
				CLANG_WARN_COMMA = YES;
				CLANG_WARN_CONSTANT_CONVERSION = YES;
				CLANG_WARN_DEPRECATED_OBJC_IMPLEMENTATIONS = YES;
				CLANG_WARN_DIRECT_OBJC_ISA_USAGE = YES_ERROR;
				CLANG_WARN_DOCUMENTATION_COMMENTS = YES;
				CLANG_WARN_EMPTY_BODY = YES;
				CLANG_WARN_ENUM_CONVERSION = YES;
				CLANG_WARN_INFINITE_RECURSION = YES;
				CLANG_WARN_INT_CONVERSION = YES;
				CLANG_WARN_NON_LITERAL_NULL_CONVERSION = YES;
				CLANG_WARN_OBJC_IMPLICIT_RETAIN_SELF = YES;
				CLANG_WARN_OBJC_LITERAL_CONVERSION = YES;
				CLANG_WARN_OBJC_ROOT_CLASS = YES_ERROR;
				CLANG_WARN_QUOTED_INCLUDE_IN_FRAMEWORK_HEADER = YES;
				CLANG_WARN_RANGE_LOOP_ANALYSIS = YES;
				CLANG_WARN_STRICT_PROTOTYPES = YES;
				CLANG_WARN_SUSPICIOUS_MOVE = YES;
				CLANG_WARN_UNGUARDED_AVAILABILITY = YES_AGGRESSIVE;
				CLANG_WARN_UNREACHABLE_CODE = YES;
				CLANG_WARN__DUPLICATE_METHOD_MATCH = YES;
				COPY_PHASE_STRIP = NO;
				DEBUG_INFORMATION_FORMAT = "dwarf-with-dsym";
				ENABLE_NS_ASSERTIONS = NO;
				ENABLE_STRICT_OBJC_MSGSEND = YES;
				ENABLE_USER_SCRIPT_SANDBOXING = YES;
				GCC_C_LANGUAGE_STANDARD = gnu17;
				GCC_NO_COMMON_BLOCKS = YES;
				GCC_WARN_64_TO_32_BIT_CONVERSION = YES;
				GCC_WARN_ABOUT_RETURN_TYPE = YES_ERROR;
				GCC_WARN_UNDECLARED_SELECTOR = YES;
				GCC_WARN_UNINITIALIZED_AUTOS = YES_AGGRESSIVE;
				GCC_WARN_UNUSED_FUNCTION = YES;
				GCC_WARN_UNUSED_VARIABLE = YES;
				IPHONEOS_DEPLOYMENT_TARGET = 17.0;
				LOCALIZATION_PREFERS_STRING_CATALOGS = YES;
				MTL_ENABLE_DEBUG_INFO = NO;
				MTL_FAST_MATH = YES;
				SDKROOT = iphoneos;
				SWIFT_COMPILATION_MODE = wholemodule;
				VALIDATE_PRODUCT = YES;
			};
			name = Release;
		};
		44A8E65A2AE943440058B765 /* Debug */ = {
			isa = XCBuildConfiguration;
			buildSettings = {
				ASSETCATALOG_COMPILER_APPICON_NAME = AppIcon;
				ASSETCATALOG_COMPILER_GLOBAL_ACCENT_COLOR_NAME = AccentColor;
				CODE_SIGN_STYLE = Automatic;
				CURRENT_PROJECT_VERSION = 1;
				DEVELOPMENT_ASSET_PATHS = "\"DemoApp/Preview Content\"";
				DEVELOPMENT_TEAM = P3M5QHTYAT;
				ENABLE_PREVIEWS = YES;
				GENERATE_INFOPLIST_FILE = YES;
				INFOPLIST_KEY_UIApplicationSceneManifest_Generation = YES;
				INFOPLIST_KEY_UIApplicationSupportsIndirectInputEvents = YES;
				INFOPLIST_KEY_UILaunchScreen_Generation = YES;
				INFOPLIST_KEY_UISupportedInterfaceOrientations_iPad = "UIInterfaceOrientationPortrait UIInterfaceOrientationPortraitUpsideDown UIInterfaceOrientationLandscapeLeft UIInterfaceOrientationLandscapeRight";
				INFOPLIST_KEY_UISupportedInterfaceOrientations_iPhone = "UIInterfaceOrientationPortrait UIInterfaceOrientationLandscapeLeft UIInterfaceOrientationLandscapeRight";
				LD_RUNPATH_SEARCH_PATHS = (
					"$(inherited)",
					"@executable_path/Frameworks",
				);
				MARKETING_VERSION = 1.0;
				PRODUCT_BUNDLE_IDENTIFIER = bugrym.DemoApp;
				PRODUCT_NAME = "$(TARGET_NAME)";
				SWIFT_EMIT_LOC_STRINGS = YES;
				SWIFT_VERSION = 5.0;
				TARGETED_DEVICE_FAMILY = "1,2";
			};
			name = Debug;
		};
		44A8E65B2AE943440058B765 /* Release */ = {
			isa = XCBuildConfiguration;
			buildSettings = {
				ASSETCATALOG_COMPILER_APPICON_NAME = AppIcon;
				ASSETCATALOG_COMPILER_GLOBAL_ACCENT_COLOR_NAME = AccentColor;
				CODE_SIGN_STYLE = Automatic;
				CURRENT_PROJECT_VERSION = 1;
				DEVELOPMENT_ASSET_PATHS = "\"DemoApp/Preview Content\"";
				DEVELOPMENT_TEAM = P3M5QHTYAT;
				ENABLE_PREVIEWS = YES;
				GENERATE_INFOPLIST_FILE = YES;
				INFOPLIST_KEY_UIApplicationSceneManifest_Generation = YES;
				INFOPLIST_KEY_UIApplicationSupportsIndirectInputEvents = YES;
				INFOPLIST_KEY_UILaunchScreen_Generation = YES;
				INFOPLIST_KEY_UISupportedInterfaceOrientations_iPad = "UIInterfaceOrientationPortrait UIInterfaceOrientationPortraitUpsideDown UIInterfaceOrientationLandscapeLeft UIInterfaceOrientationLandscapeRight";
				INFOPLIST_KEY_UISupportedInterfaceOrientations_iPhone = "UIInterfaceOrientationPortrait UIInterfaceOrientationLandscapeLeft UIInterfaceOrientationLandscapeRight";
				LD_RUNPATH_SEARCH_PATHS = (
					"$(inherited)",
					"@executable_path/Frameworks",
				);
				MARKETING_VERSION = 1.0;
				PRODUCT_BUNDLE_IDENTIFIER = bugrym.DemoApp;
				PRODUCT_NAME = "$(TARGET_NAME)";
				SWIFT_EMIT_LOC_STRINGS = YES;
				SWIFT_VERSION = 5.0;
				TARGETED_DEVICE_FAMILY = "1,2";
			};
			name = Release;
		};
/* End XCBuildConfiguration section */

/* Begin XCConfigurationList section */
		44A8E6462AE943410058B765 /* Build configuration list for PBXProject "DemoApp" */ = {
			isa = XCConfigurationList;
			buildConfigurations = (
				44A8E6572AE943440058B765 /* Debug */,
				44A8E6582AE943440058B765 /* Release */,
			);
			defaultConfigurationIsVisible = 0;
			defaultConfigurationName = Release;
		};
		44A8E6592AE943440058B765 /* Build configuration list for PBXNativeTarget "DemoApp" */ = {
			isa = XCConfigurationList;
			buildConfigurations = (
				44A8E65A2AE943440058B765 /* Debug */,
				44A8E65B2AE943440058B765 /* Release */,
			);
			defaultConfigurationIsVisible = 0;
			defaultConfigurationName = Release;
		};
/* End XCConfigurationList section */
	};
	rootObject = 44A8E6432AE943410058B765 /* Project object */;
}
